
Microsoft Visual Studio Solution File, Format Version 12.00
# Visual Studio 15
VisualStudioVersion = 15.0.26124.0
MinimumVisualStudioVersion = 15.0.26124.0
Project("{FAE04EC0-301F-11D3-BF4B-00C04F79EFBC}") = "Api", "Api\Api.csproj", "{5D716793-1183-4F8A-86F6-B0A15F5F5E66}"
EndProject
Project("{FAE04EC0-301F-11D3-BF4B-00C04F79EFBC}") = "Models", "Models\Models.csproj", "{DCF2A197-5160-45C1-8FE7-37676B8D0123}"
EndProject
Project("{FAE04EC0-301F-11D3-BF4B-00C04F79EFBC}") = "Repository", "Repository\Repository.csproj", "{9CDDA08D-CEFE-430D-8937-40CEACCAA88C}"
EndProject
Project("{FAE04EC0-301F-11D3-BF4B-00C04F79EFBC}") = "Services", "Services\Services.csproj", "{99D3805C-5EF9-4C01-A51C-C3B2E5563E0F}"
EndProject
Global
	GlobalSection(SolutionConfigurationPlatforms) = preSolution
		Debug|Any CPU = Debug|Any CPU
		Debug|x64 = Debug|x64
		Debug|x86 = Debug|x86
		Release|Any CPU = Release|Any CPU
		Release|x64 = Release|x64
		Release|x86 = Release|x86
	EndGlobalSection
	GlobalSection(SolutionProperties) = preSolution
		HideSolutionNode = FALSE
	EndGlobalSection
	GlobalSection(ProjectConfigurationPlatforms) = postSolution
		{5D716793-1183-4F8A-86F6-B0A15F5F5E66}.Debug|Any CPU.ActiveCfg = Debug|Any CPU
		{5D716793-1183-4F8A-86F6-B0A15F5F5E66}.Debug|Any CPU.Build.0 = Debug|Any CPU
		{5D716793-1183-4F8A-86F6-B0A15F5F5E66}.Debug|x64.ActiveCfg = Debug|Any CPU
		{5D716793-1183-4F8A-86F6-B0A15F5F5E66}.Debug|x64.Build.0 = Debug|Any CPU
		{5D716793-1183-4F8A-86F6-B0A15F5F5E66}.Debug|x86.ActiveCfg = Debug|Any CPU
		{5D716793-1183-4F8A-86F6-B0A15F5F5E66}.Debug|x86.Build.0 = Debug|Any CPU
		{5D716793-1183-4F8A-86F6-B0A15F5F5E66}.Release|Any CPU.ActiveCfg = Release|Any CPU
		{5D716793-1183-4F8A-86F6-B0A15F5F5E66}.Release|Any CPU.Build.0 = Release|Any CPU
		{5D716793-1183-4F8A-86F6-B0A15F5F5E66}.Release|x64.ActiveCfg = Release|Any CPU
		{5D716793-1183-4F8A-86F6-B0A15F5F5E66}.Release|x64.Build.0 = Release|Any CPU
		{5D716793-1183-4F8A-86F6-B0A15F5F5E66}.Release|x86.ActiveCfg = Release|Any CPU
		{5D716793-1183-4F8A-86F6-B0A15F5F5E66}.Release|x86.Build.0 = Release|Any CPU
		{DCF2A197-5160-45C1-8FE7-37676B8D0123}.Debug|Any CPU.ActiveCfg = Debug|Any CPU
		{DCF2A197-5160-45C1-8FE7-37676B8D0123}.Debug|Any CPU.Build.0 = Debug|Any CPU
		{DCF2A197-5160-45C1-8FE7-37676B8D0123}.Debug|x64.ActiveCfg = Debug|Any CPU
		{DCF2A197-5160-45C1-8FE7-37676B8D0123}.Debug|x64.Build.0 = Debug|Any CPU
		{DCF2A197-5160-45C1-8FE7-37676B8D0123}.Debug|x86.ActiveCfg = Debug|Any CPU
		{DCF2A197-5160-45C1-8FE7-37676B8D0123}.Debug|x86.Build.0 = Debug|Any CPU
		{DCF2A197-5160-45C1-8FE7-37676B8D0123}.Release|Any CPU.ActiveCfg = Release|Any CPU
		{DCF2A197-5160-45C1-8FE7-37676B8D0123}.Release|Any CPU.Build.0 = Release|Any CPU
		{DCF2A197-5160-45C1-8FE7-37676B8D0123}.Release|x64.ActiveCfg = Release|Any CPU
		{DCF2A197-5160-45C1-8FE7-37676B8D0123}.Release|x64.Build.0 = Release|Any CPU
		{DCF2A197-5160-45C1-8FE7-37676B8D0123}.Release|x86.ActiveCfg = Release|Any CPU
		{DCF2A197-5160-45C1-8FE7-37676B8D0123}.Release|x86.Build.0 = Release|Any CPU
		{9CDDA08D-CEFE-430D-8937-40CEACCAA88C}.Debug|Any CPU.ActiveCfg = Debug|Any CPU
		{9CDDA08D-CEFE-430D-8937-40CEACCAA88C}.Debug|Any CPU.Build.0 = Debug|Any CPU
		{9CDDA08D-CEFE-430D-8937-40CEACCAA88C}.Debug|x64.ActiveCfg = Debug|Any CPU
		{9CDDA08D-CEFE-430D-8937-40CEACCAA88C}.Debug|x64.Build.0 = Debug|Any CPU
		{9CDDA08D-CEFE-430D-8937-40CEACCAA88C}.Debug|x86.ActiveCfg = Debug|Any CPU
		{9CDDA08D-CEFE-430D-8937-40CEACCAA88C}.Debug|x86.Build.0 = Debug|Any CPU
		{9CDDA08D-CEFE-430D-8937-40CEACCAA88C}.Release|Any CPU.ActiveCfg = Release|Any CPU
		{9CDDA08D-CEFE-430D-8937-40CEACCAA88C}.Release|Any CPU.Build.0 = Release|Any CPU
		{9CDDA08D-CEFE-430D-8937-40CEACCAA88C}.Release|x64.ActiveCfg = Release|Any CPU
		{9CDDA08D-CEFE-430D-8937-40CEACCAA88C}.Release|x64.Build.0 = Release|Any CPU
		{9CDDA08D-CEFE-430D-8937-40CEACCAA88C}.Release|x86.ActiveCfg = Release|Any CPU
		{9CDDA08D-CEFE-430D-8937-40CEACCAA88C}.Release|x86.Build.0 = Release|Any CPU
		{99D3805C-5EF9-4C01-A51C-C3B2E5563E0F}.Debug|Any CPU.ActiveCfg = Debug|Any CPU
		{99D3805C-5EF9-4C01-A51C-C3B2E5563E0F}.Debug|Any CPU.Build.0 = Debug|Any CPU
		{99D3805C-5EF9-4C01-A51C-C3B2E5563E0F}.Debug|x64.ActiveCfg = Debug|Any CPU
		{99D3805C-5EF9-4C01-A51C-C3B2E5563E0F}.Debug|x64.Build.0 = Debug|Any CPU
		{99D3805C-5EF9-4C01-A51C-C3B2E5563E0F}.Debug|x86.ActiveCfg = Debug|Any CPU
		{99D3805C-5EF9-4C01-A51C-C3B2E5563E0F}.Debug|x86.Build.0 = Debug|Any CPU
		{99D3805C-5EF9-4C01-A51C-C3B2E5563E0F}.Release|Any CPU.ActiveCfg = Release|Any CPU
		{99D3805C-5EF9-4C01-A51C-C3B2E5563E0F}.Release|Any CPU.Build.0 = Release|Any CPU
		{99D3805C-5EF9-4C01-A51C-C3B2E5563E0F}.Release|x64.ActiveCfg = Release|Any CPU
		{99D3805C-5EF9-4C01-A51C-C3B2E5563E0F}.Release|x64.Build.0 = Release|Any CPU
		{99D3805C-5EF9-4C01-A51C-C3B2E5563E0F}.Release|x86.ActiveCfg = Release|Any CPU
		{99D3805C-5EF9-4C01-A51C-C3B2E5563E0F}.Release|x86.Build.0 = Release|Any CPU
	EndGlobalSection
EndGlobal
